
Microsoft Visual Studio Solution File, Format Version 12.00
# Visual Studio Version 16
VisualStudioVersion = 16.0.30804.86
MinimumVisualStudioVersion = 10.0.40219.1
Project("{9A19103F-16F7-4668-BE54-9A1E7A4F7556}") = "GqlNet5Demo", "GqlNet5Demo.csproj", "{96221C42-6629-4C93-BDB5-2F2FAAD6FD52}"
EndProject
Global
	GlobalSection(SolutionConfigurationPlatforms) = preSolution
		Debug|Any CPU = Debug|Any CPU
		Release|Any CPU = Release|Any CPU
	EndGlobalSection
	GlobalSection(ProjectConfigurationPlatforms) = postSolution
		{96221C42-6629-4C93-BDB5-2F2FAAD6FD52}.Debug|Any CPU.ActiveCfg = Debug|Any CPU
		{96221C42-6629-4C93-BDB5-2F2FAAD6FD52}.Debug|Any CPU.Build.0 = Debug|Any CPU
		{96221C42-6629-4C93-BDB5-2F2FAAD6FD52}.Release|Any CPU.ActiveCfg = Release|Any CPU
		{96221C42-6629-4C93-BDB5-2F2FAAD6FD52}.Release|Any CPU.Build.0 = Release|Any CPU
	EndGlobalSection
	GlobalSection(SolutionProperties) = preSolution
		HideSolutionNode = FALSE
	EndGlobalSection
	GlobalSection(ExtensibilityGlobals) = postSolution
		SolutionGuid = {2FBEA38A-0A46-422C-A3A2-A9571391C216}
	EndGlobalSection
EndGlobal
